
Microsoft Visual Studio Solution File, Format Version 12.00
# Visual Studio Version 17
VisualStudioVersion = 17.14.36705.20
MinimumVisualStudioVersion = 10.0.40219.1
Project("{FAE04EC0-301F-11D3-BF4B-00C04F79EFBC}") = "CL.NerdLab.Lay-out.API", "CL.NerdLab.Lay-out.API\CL.NerdLab.Lay-out.API.csproj", "{981E9519-CBD6-EB0C-120C-2E135FE6DBE2}"
EndProject
Project("{FAE04EC0-301F-11D3-BF4B-00C04F79EFBC}") = "CL.NerdLabLay-out.APP", "CL.NerdLabLay-out.APP\CL.NerdLabLay-out.APP.csproj", "{B650E3B9-A6AD-6D7F-ECEA-4EF480EB0EE9}"
EndProject
Global
	GlobalSection(SolutionConfigurationPlatforms) = preSolution
		Debug|Any CPU = Debug|Any CPU
		Release|Any CPU = Release|Any CPU
	EndGlobalSection
	GlobalSection(ProjectConfigurationPlatforms) = postSolution
		{981E9519-CBD6-EB0C-120C-2E135FE6DBE2}.Debug|Any CPU.ActiveCfg = Debug|Any CPU
		{981E9519-CBD6-EB0C-120C-2E135FE6DBE2}.Debug|Any CPU.Build.0 = Debug|Any CPU
		{981E9519-CBD6-EB0C-120C-2E135FE6DBE2}.Release|Any CPU.ActiveCfg = Release|Any CPU
		{981E9519-CBD6-EB0C-120C-2E135FE6DBE2}.Release|Any CPU.Build.0 = Release|Any CPU
		{B650E3B9-A6AD-6D7F-ECEA-4EF480EB0EE9}.Debug|Any CPU.ActiveCfg = Debug|Any CPU
		{B650E3B9-A6AD-6D7F-ECEA-4EF480EB0EE9}.Debug|Any CPU.Build.0 = Debug|Any CPU
		{B650E3B9-A6AD-6D7F-ECEA-4EF480EB0EE9}.Release|Any CPU.ActiveCfg = Release|Any CPU
		{B650E3B9-A6AD-6D7F-ECEA-4EF480EB0EE9}.Release|Any CPU.Build.0 = Release|Any CPU
	EndGlobalSection
	GlobalSection(SolutionProperties) = preSolution
		HideSolutionNode = FALSE
	EndGlobalSection
	GlobalSection(ExtensibilityGlobals) = postSolution
		SolutionGuid = {0C9A4A12-8692-4A87-ABDF-88F9FBDC8784}
	EndGlobalSection
EndGlobal
