
Microsoft Visual Studio Solution File, Format Version 12.00
# Visual Studio Version 17
VisualStudioVersion = 17.14.36705.20 d17.14
MinimumVisualStudioVersion = 10.0.40219.1
Project("{FAE04EC0-301F-11D3-BF4B-00C04F79EFBC}") = "CL.NerdLab.Lay-out.API", "CL.NerdLab.Lay-out.API.csproj", "{90D4394C-410A-4F0D-B029-11B229726789}"
EndProject
Project("{FAE04EC0-301F-11D3-BF4B-00C04F79EFBC}") = "CL.NerdLabLay-out.APP", "..\CL.NerdLabLay-out.APP\CL.NerdLabLay-out.APP.csproj", "{30570AFA-E6A2-495D-B1B8-92E38458C9FB}"
EndProject
Global
	GlobalSection(SolutionConfigurationPlatforms) = preSolution
		Debug|Any CPU = Debug|Any CPU
		Release|Any CPU = Release|Any CPU
	EndGlobalSection
	GlobalSection(ProjectConfigurationPlatforms) = postSolution
		{90D4394C-410A-4F0D-B029-11B229726789}.Debug|Any CPU.ActiveCfg = Debug|Any CPU
		{90D4394C-410A-4F0D-B029-11B229726789}.Debug|Any CPU.Build.0 = Debug|Any CPU
		{90D4394C-410A-4F0D-B029-11B229726789}.Release|Any CPU.ActiveCfg = Release|Any CPU
		{90D4394C-410A-4F0D-B029-11B229726789}.Release|Any CPU.Build.0 = Release|Any CPU
		{30570AFA-E6A2-495D-B1B8-92E38458C9FB}.Debug|Any CPU.ActiveCfg = Debug|Any CPU
		{30570AFA-E6A2-495D-B1B8-92E38458C9FB}.Debug|Any CPU.Build.0 = Debug|Any CPU
		{30570AFA-E6A2-495D-B1B8-92E38458C9FB}.Release|Any CPU.ActiveCfg = Release|Any CPU
		{30570AFA-E6A2-495D-B1B8-92E38458C9FB}.Release|Any CPU.Build.0 = Release|Any CPU
	EndGlobalSection
	GlobalSection(SolutionProperties) = preSolution
		HideSolutionNode = FALSE
	EndGlobalSection
	GlobalSection(ExtensibilityGlobals) = postSolution
		SolutionGuid = {0C9A4A12-8692-4A87-ABDF-88F9FBDC8784}
	EndGlobalSection
EndGlobal
